// !$*UTF8*$!
{
	archiveVersion = 1;
	classes = {
	};
	objectVersion = 46;
	objects = {

/* Begin PBXBuildFile section */
		2CBA45CE1BE3EE00005DDA63 /* main.m in Sources */ = {isa = PBXBuildFile; fileRef = 2CBA45CD1BE3EE00005DDA63 /* main.m */; };
		2CBA45D11BE3EE00005DDA63 /* AppDelegate.m in Sources */ = {isa = PBXBuildFile; fileRef = 2CBA45D01BE3EE00005DDA63 /* AppDelegate.m */; };
		2CBA45D41BE3EE00005DDA63 /* ViewController.m in Sources */ = {isa = PBXBuildFile; fileRef = 2CBA45D31BE3EE00005DDA63 /* ViewController.m */; };
		2CBA45D71BE3EE00005DDA63 /* Main.storyboard in Resources */ = {isa = PBXBuildFile; fileRef = 2CBA45D51BE3EE00005DDA63 /* Main.storyboard */; };
		2CBA45D91BE3EE00005DDA63 /* Assets.xcassets in Resources */ = {isa = PBXBuildFile; fileRef = 2CBA45D81BE3EE00005DDA63 /* Assets.xcassets */; };
		2CBA45DC1BE3EE00005DDA63 /* LaunchScreen.storyboard in Resources */ = {isa = PBXBuildFile; fileRef = 2CBA45DA1BE3EE00005DDA63 /* LaunchScreen.storyboard */; };
		2CBA45E71BE3EE00005DDA63 /* LoneStarTests.m in Sources */ = {isa = PBXBuildFile; fileRef = 2CBA45E61BE3EE00005DDA63 /* LoneStarTests.m */; };
		2CBA45F21BE3EE00005DDA63 /* LoneStarUITests.m in Sources */ = {isa = PBXBuildFile; fileRef = 2CBA45F11BE3EE00005DDA63 /* LoneStarUITests.m */; };
/* End PBXBuildFile section */

/* Begin PBXContainerItemProxy section */
		2CBA45E31BE3EE00005DDA63 /* PBXContainerItemProxy */ = {
			isa = PBXContainerItemProxy;
			containerPortal = 2CBA45C11BE3EE00005DDA63 /* Project object */;
			proxyType = 1;
			remoteGlobalIDString = 2CBA45C81BE3EE00005DDA63;
			remoteInfo = LoneStar;
		};
		2CBA45EE1BE3EE00005DDA63 /* PBXContainerItemProxy */ = {
			isa = PBXContainerItemProxy;
			containerPortal = 2CBA45C11BE3EE00005DDA63 /* Project object */;
			proxyType = 1;
			remoteGlobalIDString = 2CBA45C81BE3EE00005DDA63;
			remoteInfo = LoneStar;
		};
/* End PBXContainerItemProxy section */

/* Begin PBXFileReference section */
		2CBA45C91BE3EE00005DDA63 /* LoneStar.app */ = {isa = PBXFileReference; explicitFileType = wrapper.application; includeInIndex = 0; path = LoneStar.app; sourceTree = BUILT_PRODUCTS_DIR; };
		2CBA45CD1BE3EE00005DDA63 /* main.m */ = {isa = PBXFileReference; lastKnownFileType = sourcecode.c.objc; path = main.m; sourceTree = "<group>"; };
		2CBA45CF1BE3EE00005DDA63 /* AppDelegate.h */ = {isa = PBXFileReference; lastKnownFileType = sourcecode.c.h; path = AppDelegate.h; sourceTree = "<group>"; };
		2CBA45D01BE3EE00005DDA63 /* AppDelegate.m */ = {isa = PBXFileReference; lastKnownFileType = sourcecode.c.objc; path = AppDelegate.m; sourceTree = "<group>"; };
		2CBA45D21BE3EE00005DDA63 /* ViewController.h */ = {isa = PBXFileReference; lastKnownFileType = sourcecode.c.h; path = ViewController.h; sourceTree = "<group>"; };
		2CBA45D31BE3EE00005DDA63 /* ViewController.m */ = {isa = PBXFileReference; lastKnownFileType = sourcecode.c.objc; path = ViewController.m; sourceTree = "<group>"; };
		2CBA45D61BE3EE00005DDA63 /* Base */ = {isa = PBXFileReference; lastKnownFileType = file.storyboard; name = Base; path = Base.lproj/Main.storyboard; sourceTree = "<group>"; };
		2CBA45D81BE3EE00005DDA63 /* Assets.xcassets */ = {isa = PBXFileReference; lastKnownFileType = folder.assetcatalog; path = Assets.xcassets; sourceTree = "<group>"; };
		2CBA45DB1BE3EE00005DDA63 /* Base */ = {isa = PBXFileReference; lastKnownFileType = file.storyboard; name = Base; path = Base.lproj/LaunchScreen.storyboard; sourceTree = "<group>"; };
		2CBA45DD1BE3EE00005DDA63 /* Info.plist */ = {isa = PBXFileReference; lastKnownFileType = text.plist.xml; path = Info.plist; sourceTree = "<group>"; };
		2CBA45E21BE3EE00005DDA63 /* LoneStarTests.xctest */ = {isa = PBXFileReference; explicitFileType = wrapper.cfbundle; includeInIndex = 0; path = LoneStarTests.xctest; sourceTree = BUILT_PRODUCTS_DIR; };
		2CBA45E61BE3EE00005DDA63 /* LoneStarTests.m */ = {isa = PBXFileReference; lastKnownFileType = sourcecode.c.objc; path = LoneStarTests.m; sourceTree = "<group>"; };
		2CBA45E81BE3EE00005DDA63 /* Info.plist */ = {isa = PBXFileReference; lastKnownFileType = text.plist.xml; path = Info.plist; sourceTree = "<group>"; };
		2CBA45ED1BE3EE00005DDA63 /* LoneStarUITests.xctest */ = {isa = PBXFileReference; explicitFileType = wrapper.cfbundle; includeInIndex = 0; path = LoneStarUITests.xctest; sourceTree = BUILT_PRODUCTS_DIR; };
		2CBA45F11BE3EE00005DDA63 /* LoneStarUITests.m */ = {isa = PBXFileReference; lastKnownFileType = sourcecode.c.objc; path = LoneStarUITests.m; sourceTree = "<group>"; };
		2CBA45F31BE3EE00005DDA63 /* Info.plist */ = {isa = PBXFileReference; lastKnownFileType = text.plist.xml; path = Info.plist; sourceTree = "<group>"; };
/* End PBXFileReference section */

/* Begin PBXFrameworksBuildPhase section */
		2CBA45C61BE3EE00005DDA63 /* Frameworks */ = {
			isa = PBXFrameworksBuildPhase;
			buildActionMask = 2147483647;
			files = (
			);
			runOnlyForDeploymentPostprocessing = 0;
		};
		2CBA45DF1BE3EE00005DDA63 /* Frameworks */ = {
			isa = PBXFrameworksBuildPhase;
			buildActionMask = 2147483647;
			files = (
			);
			runOnlyForDeploymentPostprocessing = 0;
		};
		2CBA45EA1BE3EE00005DDA63 /* Frameworks */ = {
			isa = PBXFrameworksBuildPhase;
			buildActionMask = 2147483647;
			files = (
			);
			runOnlyForDeploymentPostprocessing = 0;
		};
/* End PBXFrameworksBuildPhase section */

/* Begin PBXGroup section */
		2CBA45C01BE3EE00005DDA63 = {
			isa = PBXGroup;
			children = (
				2CBA45CB1BE3EE00005DDA63 /* LoneStar */,
				2CBA45E51BE3EE00005DDA63 /* LoneStarTests */,
				2CBA45F01BE3EE00005DDA63 /* LoneStarUITests */,
				2CBA45CA1BE3EE00005DDA63 /* Products */,
			);
			sourceTree = "<group>";
		};
		2CBA45CA1BE3EE00005DDA63 /* Products */ = {
			isa = PBXGroup;
			children = (
				2CBA45C91BE3EE00005DDA63 /* LoneStar.app */,
				2CBA45E21BE3EE00005DDA63 /* LoneStarTests.xctest */,
				2CBA45ED1BE3EE00005DDA63 /* LoneStarUITests.xctest */,
			);
			name = Products;
			sourceTree = "<group>";
		};
		2CBA45CB1BE3EE00005DDA63 /* LoneStar */ = {
			isa = PBXGroup;
			children = (
				2CBA45CF1BE3EE00005DDA63 /* AppDelegate.h */,
				2CBA45D01BE3EE00005DDA63 /* AppDelegate.m */,
				2CBA45D21BE3EE00005DDA63 /* ViewController.h */,
				2CBA45D31BE3EE00005DDA63 /* ViewController.m */,
				2CBA45D51BE3EE00005DDA63 /* Main.storyboard */,
				2CBA45D81BE3EE00005DDA63 /* Assets.xcassets */,
				2CBA45DA1BE3EE00005DDA63 /* LaunchScreen.storyboard */,
				2CBA45DD1BE3EE00005DDA63 /* Info.plist */,
				2CBA45CC1BE3EE00005DDA63 /* Supporting Files */,
			);
			path = LoneStar;
			sourceTree = "<group>";
		};
		2CBA45CC1BE3EE00005DDA63 /* Supporting Files */ = {
			isa = PBXGroup;
			children = (
				2CBA45CD1BE3EE00005DDA63 /* main.m */,
			);
			name = "Supporting Files";
			sourceTree = "<group>";
		};
		2CBA45E51BE3EE00005DDA63 /* LoneStarTests */ = {
			isa = PBXGroup;
			children = (
				2CBA45E61BE3EE00005DDA63 /* LoneStarTests.m */,
				2CBA45E81BE3EE00005DDA63 /* Info.plist */,
			);
			path = LoneStarTests;
			sourceTree = "<group>";
		};
		2CBA45F01BE3EE00005DDA63 /* LoneStarUITests */ = {
			isa = PBXGroup;
			children = (
				2CBA45F11BE3EE00005DDA63 /* LoneStarUITests.m */,
				2CBA45F31BE3EE00005DDA63 /* Info.plist */,
			);
			path = LoneStarUITests;
			sourceTree = "<group>";
		};
/* End PBXGroup section */

/* Begin PBXNativeTarget section */
		2CBA45C81BE3EE00005DDA63 /* LoneStar */ = {
			isa = PBXNativeTarget;
			buildConfigurationList = 2CBA45F61BE3EE00005DDA63 /* Build configuration list for PBXNativeTarget "LoneStar" */;
			buildPhases = (
				2CBA45C51BE3EE00005DDA63 /* Sources */,
				2CBA45C61BE3EE00005DDA63 /* Frameworks */,
				2CBA45C71BE3EE00005DDA63 /* Resources */,
			);
			buildRules = (
			);
			dependencies = (
			);
			name = LoneStar;
			productName = LoneStar;
			productReference = 2CBA45C91BE3EE00005DDA63 /* LoneStar.app */;
			productType = "com.apple.product-type.application";
		};
		2CBA45E11BE3EE00005DDA63 /* LoneStarTests */ = {
			isa = PBXNativeTarget;
			buildConfigurationList = 2CBA45F91BE3EE00005DDA63 /* Build configuration list for PBXNativeTarget "LoneStarTests" */;
			buildPhases = (
				2CBA45DE1BE3EE00005DDA63 /* Sources */,
				2CBA45DF1BE3EE00005DDA63 /* Frameworks */,
				2CBA45E01BE3EE00005DDA63 /* Resources */,
			);
			buildRules = (
			);
			dependencies = (
				2CBA45E41BE3EE00005DDA63 /* PBXTargetDependency */,
			);
			name = LoneStarTests;
			productName = LoneStarTests;
			productReference = 2CBA45E21BE3EE00005DDA63 /* LoneStarTests.xctest */;
			productType = "com.apple.product-type.bundle.unit-test";
		};
		2CBA45EC1BE3EE00005DDA63 /* LoneStarUITests */ = {
			isa = PBXNativeTarget;
			buildConfigurationList = 2CBA45FC1BE3EE00005DDA63 /* Build configuration list for PBXNativeTarget "LoneStarUITests" */;
			buildPhases = (
				2CBA45E91BE3EE00005DDA63 /* Sources */,
				2CBA45EA1BE3EE00005DDA63 /* Frameworks */,
				2CBA45EB1BE3EE00005DDA63 /* Resources */,
			);
			buildRules = (
			);
			dependencies = (
				2CBA45EF1BE3EE00005DDA63 /* PBXTargetDependency */,
			);
			name = LoneStarUITests;
			productName = LoneStarUITests;
			productReference = 2CBA45ED1BE3EE00005DDA63 /* LoneStarUITests.xctest */;
			productType = "com.apple.product-type.bundle.ui-testing";
		};
/* End PBXNativeTarget section */

/* Begin PBXProject section */
		2CBA45C11BE3EE00005DDA63 /* Project object */ = {
			isa = PBXProject;
			attributes = {
				LastUpgradeCheck = 0710;
				ORGANIZATIONNAME = Medpresso;
				TargetAttributes = {
					2CBA45C81BE3EE00005DDA63 = {
						CreatedOnToolsVersion = 7.1;
					};
					2CBA45E11BE3EE00005DDA63 = {
						CreatedOnToolsVersion = 7.1;
						TestTargetID = 2CBA45C81BE3EE00005DDA63;
					};
					2CBA45EC1BE3EE00005DDA63 = {
						CreatedOnToolsVersion = 7.1;
						TestTargetID = 2CBA45C81BE3EE00005DDA63;
					};
				};
			};
			buildConfigurationList = 2CBA45C41BE3EE00005DDA63 /* Build configuration list for PBXProject "LoneStar" */;
			compatibilityVersion = "Xcode 3.2";
			developmentRegion = English;
			hasScannedForEncodings = 0;
			knownRegions = (
				en,
				Base,
			);
			mainGroup = 2CBA45C01BE3EE00005DDA63;
			productRefGroup = 2CBA45CA1BE3EE00005DDA63 /* Products */;
			projectDirPath = "";
			projectRoot = "";
			targets = (
				2CBA45C81BE3EE00005DDA63 /* LoneStar */,
				2CBA45E11BE3EE00005DDA63 /* LoneStarTests */,
				2CBA45EC1BE3EE00005DDA63 /* LoneStarUITests */,
			);
		};
/* End PBXProject section */

/* Begin PBXResourcesBuildPhase section */
		2CBA45C71BE3EE00005DDA63 /* Resources */ = {
			isa = PBXResourcesBuildPhase;
			buildActionMask = 2147483647;
			files = (
				2CBA45DC1BE3EE00005DDA63 /* LaunchScreen.storyboard in Resources */,
				2CBA45D91BE3EE00005DDA63 /* Assets.xcassets in Resources */,
				2CBA45D71BE3EE00005DDA63 /* Main.storyboard in Resources */,
			);
			runOnlyForDeploymentPostprocessing = 0;
		};
		2CBA45E01BE3EE00005DDA63 /* Resources */ = {
			isa = PBXResourcesBuildPhase;
			buildActionMask = 2147483647;
			files = (
			);
			runOnlyForDeploymentPostprocessing = 0;
		};
		2CBA45EB1BE3EE00005DDA63 /* Resources */ = {
			isa = PBXResourcesBuildPhase;
			buildActionMask = 2147483647;
			files = (
			);
			runOnlyForDeploymentPostprocessing = 0;
		};
/* End PBXResourcesBuildPhase section */

/* Begin PBXSourcesBuildPhase section */
		2CBA45C51BE3EE00005DDA63 /* Sources */ = {
			isa = PBXSourcesBuildPhase;
			buildActionMask = 2147483647;
			files = (
				2CBA45D41BE3EE00005DDA63 /* ViewController.m in Sources */,
				2CBA45D11BE3EE00005DDA63 /* AppDelegate.m in Sources */,
				2CBA45CE1BE3EE00005DDA63 /* main.m in Sources */,
			);
			runOnlyForDeploymentPostprocessing = 0;
		};
		2CBA45DE1BE3EE00005DDA63 /* Sources */ = {
			isa = PBXSourcesBuildPhase;
			buildActionMask = 2147483647;
			files = (
				2CBA45E71BE3EE00005DDA63 /* LoneStarTests.m in Sources */,
			);
			runOnlyForDeploymentPostprocessing = 0;
		};
		2CBA45E91BE3EE00005DDA63 /* Sources */ = {
			isa = PBXSourcesBuildPhase;
			buildActionMask = 2147483647;
			files = (
				2CBA45F21BE3EE00005DDA63 /* LoneStarUITests.m in Sources */,
			);
			runOnlyForDeploymentPostprocessing = 0;
		};
/* End PBXSourcesBuildPhase section */

/* Begin PBXTargetDependency section */
		2CBA45E41BE3EE00005DDA63 /* PBXTargetDependency */ = {
			isa = PBXTargetDependency;
			target = 2CBA45C81BE3EE00005DDA63 /* LoneStar */;
			targetProxy = 2CBA45E31BE3EE00005DDA63 /* PBXContainerItemProxy */;
		};
		2CBA45EF1BE3EE00005DDA63 /* PBXTargetDependency */ = {
			isa = PBXTargetDependency;
			target = 2CBA45C81BE3EE00005DDA63 /* LoneStar */;
			targetProxy = 2CBA45EE1BE3EE00005DDA63 /* PBXContainerItemProxy */;
		};
/* End PBXTargetDependency section */

/* Begin PBXVariantGroup section */
		2CBA45D51BE3EE00005DDA63 /* Main.storyboard */ = {
			isa = PBXVariantGroup;
			children = (
				2CBA45D61BE3EE00005DDA63 /* Base */,
			);
			name = Main.storyboard;
			sourceTree = "<group>";
		};
		2CBA45DA1BE3EE00005DDA63 /* LaunchScreen.storyboard */ = {
			isa = PBXVariantGroup;
			children = (
				2CBA45DB1BE3EE00005DDA63 /* Base */,
			);
			name = LaunchScreen.storyboard;
			sourceTree = "<group>";
		};
/* End PBXVariantGroup section */

/* Begin XCBuildConfiguration section */
		2CBA45F41BE3EE00005DDA63 /* Debug */ = {
			isa = XCBuildConfiguration;
			buildSettings = {
				ALWAYS_SEARCH_USER_PATHS = NO;
				CLANG_CXX_LANGUAGE_STANDARD = "gnu++0x";
				CLANG_CXX_LIBRARY = "libc++";
				CLANG_ENABLE_MODULES = YES;
				CLANG_ENABLE_OBJC_ARC = YES;
				CLANG_WARN_BOOL_CONVERSION = YES;
				CLANG_WARN_CONSTANT_CONVERSION = YES;
				CLANG_WARN_DIRECT_OBJC_ISA_USAGE = YES_ERROR;
				CLANG_WARN_EMPTY_BODY = YES;
				CLANG_WARN_ENUM_CONVERSION = YES;
				CLANG_WARN_INT_CONVERSION = YES;
				CLANG_WARN_OBJC_ROOT_CLASS = YES_ERROR;
				CLANG_WARN_UNREACHABLE_CODE = YES;
				CLANG_WARN__DUPLICATE_METHOD_MATCH = YES;
				"CODE_SIGN_IDENTITY[sdk=iphoneos*]" = "iPhone Developer";
				COPY_PHASE_STRIP = NO;
				DEBUG_INFORMATION_FORMAT = dwarf;
				ENABLE_STRICT_OBJC_MSGSEND = YES;
				ENABLE_TESTABILITY = YES;
				GCC_C_LANGUAGE_STANDARD = gnu99;
				GCC_DYNAMIC_NO_PIC = NO;
				GCC_NO_COMMON_BLOCKS = YES;
				GCC_OPTIMIZATION_LEVEL = 0;
				GCC_PREPROCESSOR_DEFINITIONS = (
					"DEBUG=1",
					"$(inherited)",
				);
				GCC_WARN_64_TO_32_BIT_CONVERSION = YES;
				GCC_WARN_ABOUT_RETURN_TYPE = YES_ERROR;
				GCC_WARN_UNDECLARED_SELECTOR = YES;
				GCC_WARN_UNINITIALIZED_AUTOS = YES_AGGRESSIVE;
				GCC_WARN_UNUSED_FUNCTION = YES;
				GCC_WARN_UNUSED_VARIABLE = YES;
				IPHONEOS_DEPLOYMENT_TARGET = 9.1;
				MTL_ENABLE_DEBUG_INFO = YES;
				ONLY_ACTIVE_ARCH = YES;
				SDKROOT = iphoneos;
				TARGETED_DEVICE_FAMILY = "1,2";
			};
			name = Debug;
		};
		2CBA45F51BE3EE00005DDA63 /* Release */ = {
			isa = XCBuildConfiguration;
			buildSettings = {
				ALWAYS_SEARCH_USER_PATHS = NO;
				CLANG_CXX_LANGUAGE_STANDARD = "gnu++0x";
				CLANG_CXX_LIBRARY = "libc++";
				CLANG_ENABLE_MODULES = YES;
				CLANG_ENABLE_OBJC_ARC = YES;
				CLANG_WARN_BOOL_CONVERSION = YES;
				CLANG_WARN_CONSTANT_CONVERSION = YES;
				CLANG_WARN_DIRECT_OBJC_ISA_USAGE = YES_ERROR;
				CLANG_WARN_EMPTY_BODY = YES;
				CLANG_WARN_ENUM_CONVERSION = YES;
				CLANG_WARN_INT_CONVERSION = YES;
				CLANG_WARN_OBJC_ROOT_CLASS = YES_ERROR;
				CLANG_WARN_UNREACHABLE_CODE = YES;
				CLANG_WARN__DUPLICATE_METHOD_MATCH = YES;
				"CODE_SIGN_IDENTITY[sdk=iphoneos*]" = "iPhone Developer";
				COPY_PHASE_STRIP = NO;
				DEBUG_INFORMATION_FORMAT = "dwarf-with-dsym";
				ENABLE_NS_ASSERTIONS = NO;
				ENABLE_STRICT_OBJC_MSGSEND = YES;
				GCC_C_LANGUAGE_STANDARD = gnu99;
				GCC_NO_COMMON_BLOCKS = YES;
				GCC_WARN_64_TO_32_BIT_CONVERSION = YES;
				GCC_WARN_ABOUT_RETURN_TYPE = YES_ERROR;
				GCC_WARN_UNDECLARED_SELECTOR = YES;
				GCC_WARN_UNINITIALIZED_AUTOS = YES_AGGRESSIVE;
				GCC_WARN_UNUSED_FUNCTION = YES;
				GCC_WARN_UNUSED_VARIABLE = YES;
				IPHONEOS_DEPLOYMENT_TARGET = 9.1;
				MTL_ENABLE_DEBUG_INFO = NO;
				SDKROOT = iphoneos;
				TARGETED_DEVICE_FAMILY = "1,2";
				VALIDATE_PRODUCT = YES;
			};
			name = Release;
		};
		2CBA45F71BE3EE00005DDA63 /* Debug */ = {
			isa = XCBuildConfiguration;
			buildSettings = {
				ASSETCATALOG_COMPILER_APPICON_NAME = AppIcon;
				INFOPLIST_FILE = LoneStar/Info.plist;
				LD_RUNPATH_SEARCH_PATHS = "$(inherited) @executable_path/Frameworks";
				PRODUCT_BUNDLE_IDENTIFIER = com.medpresso.LoneStar;
				PRODUCT_NAME = "$(TARGET_NAME)";
			};
			name = Debug;
		};
		2CBA45F81BE3EE00005DDA63 /* Release */ = {
			isa = XCBuildConfiguration;
			buildSettings = {
				ASSETCATALOG_COMPILER_APPICON_NAME = AppIcon;
				INFOPLIST_FILE = LoneStar/Info.plist;
				LD_RUNPATH_SEARCH_PATHS = "$(inherited) @executable_path/Frameworks";
				PRODUCT_BUNDLE_IDENTIFIER = com.medpresso.LoneStar;
				PRODUCT_NAME = "$(TARGET_NAME)";
			};
			name = Release;
		};
		2CBA45FA1BE3EE00005DDA63 /* Debug */ = {
			isa = XCBuildConfiguration;
			buildSettings = {
				BUNDLE_LOADER = "$(TEST_HOST)";
				INFOPLIST_FILE = LoneStarTests/Info.plist;
				LD_RUNPATH_SEARCH_PATHS = "$(inherited) @executable_path/Frameworks @loader_path/Frameworks";
				PRODUCT_BUNDLE_IDENTIFIER = com.medpresso.LoneStarTests;
				PRODUCT_NAME = "$(TARGET_NAME)";
				TEST_HOST = "$(BUILT_PRODUCTS_DIR)/LoneStar.app/LoneStar";
			};
			name = Debug;
		};
		2CBA45FB1BE3EE00005DDA63 /* Release */ = {
			isa = XCBuildConfiguration;
			buildSettings = {
				BUNDLE_LOADER = "$(TEST_HOST)";
				INFOPLIST_FILE = LoneStarTests/Info.plist;
				LD_RUNPATH_SEARCH_PATHS = "$(inherited) @executable_path/Frameworks @loader_path/Frameworks";
				PRODUCT_BUNDLE_IDENTIFIER = com.medpresso.LoneStarTests;
				PRODUCT_NAME = "$(TARGET_NAME)";
				TEST_HOST = "$(BUILT_PRODUCTS_DIR)/LoneStar.app/LoneStar";
			};
			name = Release;
		};
		2CBA45FD1BE3EE00005DDA63 /* Debug */ = {
			isa = XCBuildConfiguration;
			buildSettings = {
				INFOPLIST_FILE = LoneStarUITests/Info.plist;
				LD_RUNPATH_SEARCH_PATHS = "$(inherited) @executable_path/Frameworks @loader_path/Frameworks";
				PRODUCT_BUNDLE_IDENTIFIER = com.medpresso.LoneStarUITests;
				PRODUCT_NAME = "$(TARGET_NAME)";
				TEST_TARGET_NAME = LoneStar;
				USES_XCTRUNNER = YES;
			};
			name = Debug;
		};
		2CBA45FE1BE3EE00005DDA63 /* Release */ = {
			isa = XCBuildConfiguration;
			buildSettings = {
				INFOPLIST_FILE = LoneStarUITests/Info.plist;
				LD_RUNPATH_SEARCH_PATHS = "$(inherited) @executable_path/Frameworks @loader_path/Frameworks";
				PRODUCT_BUNDLE_IDENTIFIER = com.medpresso.LoneStarUITests;
				PRODUCT_NAME = "$(TARGET_NAME)";
				TEST_TARGET_NAME = LoneStar;
				USES_XCTRUNNER = YES;
			};
			name = Release;
		};
/* End XCBuildConfiguration section */

/* Begin XCConfigurationList section */
		2CBA45C41BE3EE00005DDA63 /* Build configuration list for PBXProject "LoneStar" */ = {
			isa = XCConfigurationList;
			buildConfigurations = (
				2CBA45F41BE3EE00005DDA63 /* Debug */,
				2CBA45F51BE3EE00005DDA63 /* Release */,
			);
			defaultConfigurationIsVisible = 0;
			defaultConfigurationName = Release;
		};
		2CBA45F61BE3EE00005DDA63 /* Build configuration list for PBXNativeTarget "LoneStar" */ = {
			isa = XCConfigurationList;
			buildConfigurations = (
				2CBA45F71BE3EE00005DDA63 /* Debug */,
				2CBA45F81BE3EE00005DDA63 /* Release */,
			);
			defaultConfigurationIsVisible = 0;
		};
		2CBA45F91BE3EE00005DDA63 /* Build configuration list for PBXNativeTarget "LoneStarTests" */ = {
			isa = XCConfigurationList;
			buildConfigurations = (
				2CBA45FA1BE3EE00005DDA63 /* Debug */,
				2CBA45FB1BE3EE00005DDA63 /* Release */,
			);
			defaultConfigurationIsVisible = 0;
		};
		2CBA45FC1BE3EE00005DDA63 /* Build configuration list for PBXNativeTarget "LoneStarUITests" */ = {
			isa = XCConfigurationList;
			buildConfigurations = (
				2CBA45FD1BE3EE00005DDA63 /* Debug */,
				2CBA45FE1BE3EE00005DDA63 /* Release */,
			);
			defaultConfigurationIsVisible = 0;
		};
/* End XCConfigurationList section */
	};
	rootObject = 2CBA45C11BE3EE00005DDA63 /* Project object */;
}
